<?xml version="1.0" encoding="utf-8"?>
<Project ToolsVersion="4.0" xmlns="http://schemas.microsoft.com/developer/msbuild/2003">
  <ItemGroup>
    <Filter Include="Source Files">
      <UniqueIdentifier>{4FC737F1-C7A5-4376-A066-2A32D752A2FF}</UniqueIdentifier>
      <Extensions>cpp;c;cc;cxx;def;odl;idl;hpj;bat;asm;asmx</Extensions>
    </Filter>
    <Filter Include="Header Files">
      <UniqueIdentifier>{93995380-89BD-4b04-88EB-625FBE52EBFB}</UniqueIdentifier>
      <Extensions>h;hh;hpp;hxx;hm;inl;inc;ipp;xsd</Extensions>
    </Filter>
    <Filter Include="Resource Files">
      <UniqueIdentifier>{67DA6AB6-F800-4c08-8B7A-83BB121AAD01}</UniqueIdentifier>
      <Extensions>rc;ico;cur;bmp;dlg;rc2;rct;bin;rgs;gif;jpg;jpeg;jpe;resx;tiff;tif;png;wav;mfcribbon-ms</Extensions>
    </Filter>
  </ItemGroup>
  <ItemGroup>
    <ClCompile Include="paint-main.cpp">
      <Filter>Source Files</Filter>
    </ClCompile>
    <ClCompile Include="PAINT_Brush.cpp">
      <Filter>Source Files</Filter>
    </ClCompile>
    <ClCompile Include="PAINT_Circle.cpp">
      <Filter>Source Files</Filter>
    </ClCompile>
    <ClCompile Include="PAINT_DrawFlags.cpp">
      <Filter>Source Files</Filter>
    </ClCompile>
    <ClCompile Include="PAINT_DrawWindow.cpp">
      <Filter>Source Files</Filter>
    </ClCompile>
    <ClCompile Include="PAINT_Eraser.cpp">
      <Filter>Source Files</Filter>
    </ClCompile>
    <ClCompile Include="PAINT_Program.cpp">
      <Filter>Source Files</Filter>
    </ClCompile>
    <ClCompile Include="PAINT_Rectangle.cpp">
      <Filter>Source Files</Filter>
    </ClCompile>
    <ClCompile Include="PAINT_Shape.cpp">
      <Filter>Source Files</Filter>
    </ClCompile>
    <ClCompile Include="PAINT_ShapeTool.cpp">
      <Filter>Source Files</Filter>
    </ClCompile>
    <ClCompile Include="PAINT_Tool.cpp">
      <Filter>Source Files</Filter>
    </ClCompile>
    <ClCompile Include="PAINT_Triangle.cpp">
      <Filter>Source Files</Filter>
    </ClCompile>
    <ClCompile Include="PAINT_ToolWindow.cpp">
      <Filter>Source Files</Filter>
    </ClCompile>
    <ClCompile Include="PAINT_StatusBarWindow.cpp">
      <Filter>Source Files</Filter>
    </ClCompile>
    <ClCompile Include="ButtonFunctions.cpp">
      <Filter>Source Files</Filter>
    </ClCompile>
  </ItemGroup>
  <ItemGroup>
    <ClInclude Include="PAINT_Brush.h">
      <Filter>Header Files</Filter>
    </ClInclude>
    <ClInclude Include="PAINT_Circle.h">
      <Filter>Header Files</Filter>
    </ClInclude>
    <ClInclude Include="PAINT_DrawFlags.h">
      <Filter>Header Files</Filter>
    </ClInclude>
    <ClInclude Include="PAINT_DrawWindow.h">
      <Filter>Header Files</Filter>
    </ClInclude>
    <ClInclude Include="PAINT_Eraser.h">
      <Filter>Header Files</Filter>
    </ClInclude>
    <ClInclude Include="PAINT_Rectangle.h">
      <Filter>Header Files</Filter>
    </ClInclude>
    <ClInclude Include="PAINT_Shape.h">
      <Filter>Header Files</Filter>
    </ClInclude>
    <ClInclude Include="PAINT_ShapeTool.h">
      <Filter>Header Files</Filter>
    </ClInclude>
    <ClInclude Include="PAINT_Tool.h">
      <Filter>Header Files</Filter>
    </ClInclude>
    <ClInclude Include="PAINT_Triangle.h">
      <Filter>Header Files</Filter>
    </ClInclude>
    <ClInclude Include="PAINT_ToolWindow.h">
      <Filter>Header Files</Filter>
    </ClInclude>
    <ClInclude Include="PAINT_StatusBarWindow.h">
      <Filter>Header Files</Filter>
    </ClInclude>
    <ClInclude Include="PAINT_Program.h">
      <Filter>Header Files</Filter>
    </ClInclude>
  </ItemGroup>
</Project>